
Microsoft Visual Studio Solution File, Format Version 12.00
# Visual Studio Version 17
VisualStudioVersion = 17.13.36105.23 d17.13
MinimumVisualStudioVersion = 10.0.40219.1
Project("{FAE04EC0-301F-11D3-BF4B-00C04F79EFBC}") = "ST10122162_Agri_Energy_Connect_Platform", "ST10122162_Agri_Energy_Connect_Platform.csproj", "{EDB777A2-2C12-482B-A064-8AB627ED8BC3}"
EndProject
Global
	GlobalSection(SolutionConfigurationPlatforms) = preSolution
		Debug|Any CPU = Debug|Any CPU
		Release|Any CPU = Release|Any CPU
	EndGlobalSection
	GlobalSection(ProjectConfigurationPlatforms) = postSolution
		{EDB777A2-2C12-482B-A064-8AB627ED8BC3}.Debug|Any CPU.ActiveCfg = Debug|Any CPU
		{EDB777A2-2C12-482B-A064-8AB627ED8BC3}.Debug|Any CPU.Build.0 = Debug|Any CPU
		{EDB777A2-2C12-482B-A064-8AB627ED8BC3}.Release|Any CPU.ActiveCfg = Release|Any CPU
		{EDB777A2-2C12-482B-A064-8AB627ED8BC3}.Release|Any CPU.Build.0 = Release|Any CPU
	EndGlobalSection
	GlobalSection(SolutionProperties) = preSolution
		HideSolutionNode = FALSE
	EndGlobalSection
	GlobalSection(ExtensibilityGlobals) = postSolution
		SolutionGuid = {4709CB0E-F6A0-4BF0-A872-B03039190D4C}
	EndGlobalSection
EndGlobal
